
Microsoft Visual Studio Solution File, Format Version 12.00
# Visual Studio Version 17
VisualStudioVersion = 17.5.002.0
MinimumVisualStudioVersion = 10.0.40219.1
Project("{9A19103F-16F7-4668-BE54-9A1E7A4F7556}") = "RectangleAPI", "RectangleAPI.csproj", "{843E507F-BA98-4D63-BB23-F60DDE1D9565}"
EndProject
Global
	GlobalSection(SolutionConfigurationPlatforms) = preSolution
		Debug|Any CPU = Debug|Any CPU
		Release|Any CPU = Release|Any CPU
	EndGlobalSection
	GlobalSection(ProjectConfigurationPlatforms) = postSolution
		{843E507F-BA98-4D63-BB23-F60DDE1D9565}.Debug|Any CPU.ActiveCfg = Debug|Any CPU
		{843E507F-BA98-4D63-BB23-F60DDE1D9565}.Debug|Any CPU.Build.0 = Debug|Any CPU
		{843E507F-BA98-4D63-BB23-F60DDE1D9565}.Release|Any CPU.ActiveCfg = Release|Any CPU
		{843E507F-BA98-4D63-BB23-F60DDE1D9565}.Release|Any CPU.Build.0 = Release|Any CPU
	EndGlobalSection
	GlobalSection(SolutionProperties) = preSolution
		HideSolutionNode = FALSE
	EndGlobalSection
	GlobalSection(ExtensibilityGlobals) = postSolution
		SolutionGuid = {C2254463-B1D6-4CAD-B99A-AB9E84842CAB}
	EndGlobalSection
EndGlobal
